
Microsoft Visual Studio Solution File, Format Version 12.00
# Visual Studio 15
VisualStudioVersion = 15.0.27130.2027
MinimumVisualStudioVersion = 10.0.40219.1
Project("{9A19103F-16F7-4668-BE54-9A1E7A4F7556}") = "Web", "Web\Web.csproj", "{1CF601BA-4918-446E-A01A-390058F3C8EA}"
EndProject
Project("{9A19103F-16F7-4668-BE54-9A1E7A4F7556}") = "Domain", "Domain\Domain.csproj", "{79C84F60-0B57-4E43-B5E6-41E7C96D6FF4}"
EndProject
Project("{9A19103F-16F7-4668-BE54-9A1E7A4F7556}") = "Database.EntityFrameworkCore", "Database\Database.EntityFrameworkCore.csproj", "{2F36377E-8448-4202-B58E-0F3071D7E970}"
EndProject
Project("{9A19103F-16F7-4668-BE54-9A1E7A4F7556}") = "AuthenticationServices", "AuthenticationServices\AuthenticationServices.csproj", "{CBABB8CC-8D1D-453E-ABC4-6AECFA4C03EB}"
EndProject
Project("{9A19103F-16F7-4668-BE54-9A1E7A4F7556}") = "Servises.Interfaces", "Servises.Interfaces\Servises.Interfaces.csproj", "{6DFE4373-BC16-4725-8B15-E7FE97825F7A}"
EndProject
Project("{9A19103F-16F7-4668-BE54-9A1E7A4F7556}") = "LogService", "LogService\LogService.csproj", "{C1460E13-F2D5-44D7-9DAC-16C2F92C1233}"
EndProject
Project("{9A19103F-16F7-4668-BE54-9A1E7A4F7556}") = "EmailService", "EmailService\EmailService.csproj", "{20DEAEEB-6123-48D9-88F4-C048F5E2FF4F}"
EndProject
Project("{2150E333-8FDC-42A3-9474-1A3956D46DE8}") = "Infrastructure", "Infrastructure", "{09491FF1-9466-4FE0-981A-302699D66113}"
EndProject
Project("{9A19103F-16F7-4668-BE54-9A1E7A4F7556}") = "FilmsService", "FilmsService\FilmsService.csproj", "{0A043ECD-004F-4322-9C1F-19A6DB5CB328}"
EndProject
Project("{9A19103F-16F7-4668-BE54-9A1E7A4F7556}") = "Services.BaseServices", "Services.BaseServices\Services.BaseServices.csproj", "{A43AF5CC-E0EF-4E62-B428-560F34B12ED4}"
EndProject
Project("{2150E333-8FDC-42A3-9474-1A3956D46DE8}") = "Services", "Services", "{4148E602-D3EA-4F55-9A8B-0DC1AB50F545}"
EndProject
Project("{2150E333-8FDC-42A3-9474-1A3956D46DE8}") = "Core", "Core", "{8B9DE59F-D3CA-4410-B67A-DE4249BC96D3}"
EndProject
Project("{FAE04EC0-301F-11D3-BF4B-00C04F79EFBC}") = "Utils", "Utils\Utils.csproj", "{97100D1D-1D5F-4930-AC25-9DFAC790C8FD}"
EndProject
Global
	GlobalSection(SolutionConfigurationPlatforms) = preSolution
		Debug|Any CPU = Debug|Any CPU
		Release|Any CPU = Release|Any CPU
	EndGlobalSection
	GlobalSection(ProjectConfigurationPlatforms) = postSolution
		{1CF601BA-4918-446E-A01A-390058F3C8EA}.Debug|Any CPU.ActiveCfg = Debug|Any CPU
		{1CF601BA-4918-446E-A01A-390058F3C8EA}.Debug|Any CPU.Build.0 = Debug|Any CPU
		{1CF601BA-4918-446E-A01A-390058F3C8EA}.Release|Any CPU.ActiveCfg = Release|Any CPU
		{1CF601BA-4918-446E-A01A-390058F3C8EA}.Release|Any CPU.Build.0 = Release|Any CPU
		{79C84F60-0B57-4E43-B5E6-41E7C96D6FF4}.Debug|Any CPU.ActiveCfg = Debug|Any CPU
		{79C84F60-0B57-4E43-B5E6-41E7C96D6FF4}.Debug|Any CPU.Build.0 = Debug|Any CPU
		{79C84F60-0B57-4E43-B5E6-41E7C96D6FF4}.Release|Any CPU.ActiveCfg = Release|Any CPU
		{79C84F60-0B57-4E43-B5E6-41E7C96D6FF4}.Release|Any CPU.Build.0 = Release|Any CPU
		{2F36377E-8448-4202-B58E-0F3071D7E970}.Debug|Any CPU.ActiveCfg = Debug|Any CPU
		{2F36377E-8448-4202-B58E-0F3071D7E970}.Debug|Any CPU.Build.0 = Debug|Any CPU
		{2F36377E-8448-4202-B58E-0F3071D7E970}.Release|Any CPU.ActiveCfg = Release|Any CPU
		{2F36377E-8448-4202-B58E-0F3071D7E970}.Release|Any CPU.Build.0 = Release|Any CPU
		{CBABB8CC-8D1D-453E-ABC4-6AECFA4C03EB}.Debug|Any CPU.ActiveCfg = Debug|Any CPU
		{CBABB8CC-8D1D-453E-ABC4-6AECFA4C03EB}.Debug|Any CPU.Build.0 = Debug|Any CPU
		{CBABB8CC-8D1D-453E-ABC4-6AECFA4C03EB}.Release|Any CPU.ActiveCfg = Release|Any CPU
		{CBABB8CC-8D1D-453E-ABC4-6AECFA4C03EB}.Release|Any CPU.Build.0 = Release|Any CPU
		{6DFE4373-BC16-4725-8B15-E7FE97825F7A}.Debug|Any CPU.ActiveCfg = Debug|Any CPU
		{6DFE4373-BC16-4725-8B15-E7FE97825F7A}.Debug|Any CPU.Build.0 = Debug|Any CPU
		{6DFE4373-BC16-4725-8B15-E7FE97825F7A}.Release|Any CPU.ActiveCfg = Release|Any CPU
		{6DFE4373-BC16-4725-8B15-E7FE97825F7A}.Release|Any CPU.Build.0 = Release|Any CPU
		{C1460E13-F2D5-44D7-9DAC-16C2F92C1233}.Debug|Any CPU.ActiveCfg = Debug|Any CPU
		{C1460E13-F2D5-44D7-9DAC-16C2F92C1233}.Debug|Any CPU.Build.0 = Debug|Any CPU
		{C1460E13-F2D5-44D7-9DAC-16C2F92C1233}.Release|Any CPU.ActiveCfg = Release|Any CPU
		{C1460E13-F2D5-44D7-9DAC-16C2F92C1233}.Release|Any CPU.Build.0 = Release|Any CPU
		{20DEAEEB-6123-48D9-88F4-C048F5E2FF4F}.Debug|Any CPU.ActiveCfg = Debug|Any CPU
		{20DEAEEB-6123-48D9-88F4-C048F5E2FF4F}.Debug|Any CPU.Build.0 = Debug|Any CPU
		{20DEAEEB-6123-48D9-88F4-C048F5E2FF4F}.Release|Any CPU.ActiveCfg = Release|Any CPU
		{20DEAEEB-6123-48D9-88F4-C048F5E2FF4F}.Release|Any CPU.Build.0 = Release|Any CPU
		{0A043ECD-004F-4322-9C1F-19A6DB5CB328}.Debug|Any CPU.ActiveCfg = Debug|Any CPU
		{0A043ECD-004F-4322-9C1F-19A6DB5CB328}.Debug|Any CPU.Build.0 = Debug|Any CPU
		{0A043ECD-004F-4322-9C1F-19A6DB5CB328}.Release|Any CPU.ActiveCfg = Release|Any CPU
		{0A043ECD-004F-4322-9C1F-19A6DB5CB328}.Release|Any CPU.Build.0 = Release|Any CPU
		{A43AF5CC-E0EF-4E62-B428-560F34B12ED4}.Debug|Any CPU.ActiveCfg = Debug|Any CPU
		{A43AF5CC-E0EF-4E62-B428-560F34B12ED4}.Debug|Any CPU.Build.0 = Debug|Any CPU
		{A43AF5CC-E0EF-4E62-B428-560F34B12ED4}.Release|Any CPU.ActiveCfg = Release|Any CPU
		{A43AF5CC-E0EF-4E62-B428-560F34B12ED4}.Release|Any CPU.Build.0 = Release|Any CPU
		{97100D1D-1D5F-4930-AC25-9DFAC790C8FD}.Debug|Any CPU.ActiveCfg = Debug|Any CPU
		{97100D1D-1D5F-4930-AC25-9DFAC790C8FD}.Debug|Any CPU.Build.0 = Debug|Any CPU
		{97100D1D-1D5F-4930-AC25-9DFAC790C8FD}.Release|Any CPU.ActiveCfg = Release|Any CPU
		{97100D1D-1D5F-4930-AC25-9DFAC790C8FD}.Release|Any CPU.Build.0 = Release|Any CPU
	EndGlobalSection
	GlobalSection(SolutionProperties) = preSolution
		HideSolutionNode = FALSE
	EndGlobalSection
	GlobalSection(NestedProjects) = preSolution
		{2F36377E-8448-4202-B58E-0F3071D7E970} = {09491FF1-9466-4FE0-981A-302699D66113}
		{CBABB8CC-8D1D-453E-ABC4-6AECFA4C03EB} = {4148E602-D3EA-4F55-9A8B-0DC1AB50F545}
		{6DFE4373-BC16-4725-8B15-E7FE97825F7A} = {8B9DE59F-D3CA-4410-B67A-DE4249BC96D3}
		{C1460E13-F2D5-44D7-9DAC-16C2F92C1233} = {4148E602-D3EA-4F55-9A8B-0DC1AB50F545}
		{20DEAEEB-6123-48D9-88F4-C048F5E2FF4F} = {4148E602-D3EA-4F55-9A8B-0DC1AB50F545}
		{0A043ECD-004F-4322-9C1F-19A6DB5CB328} = {4148E602-D3EA-4F55-9A8B-0DC1AB50F545}
		{A43AF5CC-E0EF-4E62-B428-560F34B12ED4} = {8B9DE59F-D3CA-4410-B67A-DE4249BC96D3}
		{8B9DE59F-D3CA-4410-B67A-DE4249BC96D3} = {4148E602-D3EA-4F55-9A8B-0DC1AB50F545}
	EndGlobalSection
	GlobalSection(ExtensibilityGlobals) = postSolution
		SolutionGuid = {3688EAF7-17FD-45D0-A975-0147EA991C35}
	EndGlobalSection
EndGlobal
